# This file is automatically @generated by Cargo.
# It is not intended for manual editing.
version = 4

[[package]]
name = "anyhow"
version = "1.0.102"
source = "registry+https://github.com/rust-lang/crates.io-index"
checksum = "7f202df86484c868dbad7eaa557ef785d5c66295e41b460ef922eca0723b842c"

[[package]]
name = "heim"
version = "1.0.0"
dependencies = [
 "anyhow",
 "lexopt",
 "log",
 "tinyjson",
]

[[package]]
name = "lexopt"
version = "0.3.2"
source = "registry+https://github.com/rust-lang/crates.io-index"
checksum = "803ec87c9cfb29b9d2633f20cba1f488db3fd53f2158b1024cbefb47ba05d413"

[[package]]
name = "log"
version = "0.4.29"
source = "registry+https://github.com/rust-lang/crates.io-index"
checksum = "5e5032e24019045c762d3c0f28f5b6b8bbf38563a65908389bf7978758920897"

[[package]]
name = "tinyjson"
version = "2.5.1"
source = "registry+https://github.com/rust-lang/crates.io-index"
checksum = "9ab95735ea2c8fd51154d01e39cf13912a78071c2d89abc49a7ef102a7dd725a"
